
Microsoft Visual Studio Solution File, Format Version 12.00
# Visual Studio Version 17
VisualStudioVersion = 17.0.32014.148
MinimumVisualStudioVersion = 10.0.40219.1
Project("{888888A0-9F3D-457C-B088-3A5042F75D52}") = "pyACA", "pyACA.pyproj", "{1111DA02-1E45-4CE9-93DB-4462A09CC049}"
EndProject
Global
	GlobalSection(SolutionConfigurationPlatforms) = preSolution
		Debug|Any CPU = Debug|Any CPU
		Release|Any CPU = Release|Any CPU
	EndGlobalSection
	GlobalSection(ProjectConfigurationPlatforms) = postSolution
		{1111DA02-1E45-4CE9-93DB-4462A09CC049}.Debug|Any CPU.ActiveCfg = Debug|Any CPU
		{1111DA02-1E45-4CE9-93DB-4462A09CC049}.Release|Any CPU.ActiveCfg = Release|Any CPU
	EndGlobalSection
	GlobalSection(SolutionProperties) = preSolution
		HideSolutionNode = FALSE
	EndGlobalSection
	GlobalSection(ExtensibilityGlobals) = postSolution
		SolutionGuid = {01EB4725-54A2-4EFA-876E-3A50DE8126BF}
	EndGlobalSection
EndGlobal
