
Microsoft Visual Studio Solution File, Format Version 12.00
# Visual Studio Version 16
VisualStudioVersion = 16.0.29123.88
MinimumVisualStudioVersion = 10.0.40219.1
Project("{888888A0-9F3D-457C-B088-3A5042F75D52}") = "pyACA", "pyACA\pyACA.pyproj", "{BDE0068B-42B7-4EE2-AC46-63598AF50A90}"
EndProject
Project("{888888A0-9F3D-457C-B088-3A5042F75D52}") = "tests", "tests\tests.pyproj", "{3B3CD7D2-C445-4941-9CF4-AD0B3E25E31D}"
EndProject
Global
	GlobalSection(SolutionConfigurationPlatforms) = preSolution
		Debug|Any CPU = Debug|Any CPU
		Release|Any CPU = Release|Any CPU
	EndGlobalSection
	GlobalSection(ProjectConfigurationPlatforms) = postSolution
		{BDE0068B-42B7-4EE2-AC46-63598AF50A90}.Debug|Any CPU.ActiveCfg = Debug|Any CPU
		{BDE0068B-42B7-4EE2-AC46-63598AF50A90}.Release|Any CPU.ActiveCfg = Release|Any CPU
		{3B3CD7D2-C445-4941-9CF4-AD0B3E25E31D}.Debug|Any CPU.ActiveCfg = Debug|Any CPU
		{3B3CD7D2-C445-4941-9CF4-AD0B3E25E31D}.Release|Any CPU.ActiveCfg = Release|Any CPU
	EndGlobalSection
	GlobalSection(SolutionProperties) = preSolution
		HideSolutionNode = FALSE
	EndGlobalSection
	GlobalSection(ExtensibilityGlobals) = postSolution
		SolutionGuid = {2BCA830D-B1A4-4CFB-B11E-7F42107F4230}
	EndGlobalSection
EndGlobal
